// !$*UTF8*$!
{
	archiveVersion = 1;
	classes = {
	};
	objectVersion = 56;
	objects = {

/* Begin PBXBuildFile section */
		9338F5642BC96F3100843CCA /* StyleConstants.swift in Sources */ = {isa = PBXBuildFile; fileRef = 9338F5632BC96F3100843CCA /* StyleConstants.swift */; };
		935ACB522BCD97FC00B7EB73 /* Product.swift in Sources */ = {isa = PBXBuildFile; fileRef = 935ACB512BCD97FC00B7EB73 /* Product.swift */; };
		935ACB552BCDBC5800B7EB73 /* ProductNetworkManager.swift in Sources */ = {isa = PBXBuildFile; fileRef = 935ACB542BCDBC5800B7EB73 /* ProductNetworkManager.swift */; };
		935ACB592BCDBCE600B7EB73 /* Moya in Frameworks */ = {isa = PBXBuildFile; productRef = 935ACB582BCDBCE600B7EB73 /* Moya */; };
		935ACB5B2BCDBCE600B7EB73 /* RxMoya in Frameworks */ = {isa = PBXBuildFile; productRef = 935ACB5A2BCDBCE600B7EB73 /* RxMoya */; };
		935ACB5D2BCDBD2F00B7EB73 /* ProductService.swift in Sources */ = {isa = PBXBuildFile; fileRef = 935ACB5C2BCDBD2F00B7EB73 /* ProductService.swift */; };
		935ACB5F2BCDBD9E00B7EB73 /* ProductService+Extension.swift in Sources */ = {isa = PBXBuildFile; fileRef = 935ACB5E2BCDBD9E00B7EB73 /* ProductService+Extension.swift */; };
		9365FA0D2BC70F5D00B37B0F /* SnapKit in Frameworks */ = {isa = PBXBuildFile; productRef = 9365FA0C2BC70F5D00B37B0F /* SnapKit */; };
		9365FA122BC727DB00B37B0F /* OpenSans-SemiBold.ttf in Resources */ = {isa = PBXBuildFile; fileRef = 9365FA102BC727DA00B37B0F /* OpenSans-SemiBold.ttf */; };
		9365FA132BC727DB00B37B0F /* OpenSans-Bold.ttf in Resources */ = {isa = PBXBuildFile; fileRef = 9365FA112BC727DA00B37B0F /* OpenSans-Bold.ttf */; };
		9365FA152BC73ED600B37B0F /* ListingViewController.swift in Sources */ = {isa = PBXBuildFile; fileRef = 9365FA142BC73ED600B37B0F /* ListingViewController.swift */; };
		9365FA172BC73EF000B37B0F /* ProductDetailViewController.swift in Sources */ = {isa = PBXBuildFile; fileRef = 9365FA162BC73EF000B37B0F /* ProductDetailViewController.swift */; };
		9365FA192BC73F0000B37B0F /* BasketViewController.swift in Sources */ = {isa = PBXBuildFile; fileRef = 9365FA182BC73F0000B37B0F /* BasketViewController.swift */; };
		9365FA1C2BC750A300B37B0F /* BasketButton.swift in Sources */ = {isa = PBXBuildFile; fileRef = 9365FA1B2BC750A300B37B0F /* BasketButton.swift */; };
		938736E02BC863CD006ABE58 /* ProductCollectionViewCell.swift in Sources */ = {isa = PBXBuildFile; fileRef = 938736DF2BC863CD006ABE58 /* ProductCollectionViewCell.swift */; };
		938736E42BC88A93006ABE58 /* tryUIViewController.swift in Sources */ = {isa = PBXBuildFile; fileRef = 938736E32BC88A93006ABE58 /* tryUIViewController.swift */; };
		938736E82BC8AE0C006ABE58 /* VerticalAddToCartButtonView.swift in Sources */ = {isa = PBXBuildFile; fileRef = 938736E72BC8AE0C006ABE58 /* VerticalAddToCartButtonView.swift */; };
		93A57F722BC5F2B10052BD01 /* AppDelegate.swift in Sources */ = {isa = PBXBuildFile; fileRef = 93A57F712BC5F2B10052BD01 /* AppDelegate.swift */; };
		93A57F742BC5F2B10052BD01 /* SceneDelegate.swift in Sources */ = {isa = PBXBuildFile; fileRef = 93A57F732BC5F2B10052BD01 /* SceneDelegate.swift */; };
		93A57F7B2BC5F2B20052BD01 /* Assets.xcassets in Resources */ = {isa = PBXBuildFile; fileRef = 93A57F7A2BC5F2B20052BD01 /* Assets.xcassets */; };
		93A57F892BC5F2B20052BD01 /* GetirFinalProjectTests.swift in Sources */ = {isa = PBXBuildFile; fileRef = 93A57F882BC5F2B20052BD01 /* GetirFinalProjectTests.swift */; };
		93A57F932BC5F2B20052BD01 /* GetirFinalProjectUITests.swift in Sources */ = {isa = PBXBuildFile; fileRef = 93A57F922BC5F2B20052BD01 /* GetirFinalProjectUITests.swift */; };
		93A57F952BC5F2B20052BD01 /* GetirFinalProjectUITestsLaunchTests.swift in Sources */ = {isa = PBXBuildFile; fileRef = 93A57F942BC5F2B20052BD01 /* GetirFinalProjectUITestsLaunchTests.swift */; };
/* End PBXBuildFile section */

/* Begin PBXContainerItemProxy section */
		93A57F852BC5F2B20052BD01 /* PBXContainerItemProxy */ = {
			isa = PBXContainerItemProxy;
			containerPortal = 93A57F662BC5F2B10052BD01 /* Project object */;
			proxyType = 1;
			remoteGlobalIDString = 93A57F6D2BC5F2B10052BD01;
			remoteInfo = GetirFinalProject;
		};
		93A57F8F2BC5F2B20052BD01 /* PBXContainerItemProxy */ = {
			isa = PBXContainerItemProxy;
			containerPortal = 93A57F662BC5F2B10052BD01 /* Project object */;
			proxyType = 1;
			remoteGlobalIDString = 93A57F6D2BC5F2B10052BD01;
			remoteInfo = GetirFinalProject;
		};
/* End PBXContainerItemProxy section */

/* Begin PBXFileReference section */
		9338F5632BC96F3100843CCA /* StyleConstants.swift */ = {isa = PBXFileReference; lastKnownFileType = sourcecode.swift; path = StyleConstants.swift; sourceTree = "<group>"; };
		935ACB512BCD97FC00B7EB73 /* Product.swift */ = {isa = PBXFileReference; lastKnownFileType = sourcecode.swift; path = Product.swift; sourceTree = "<group>"; };
		935ACB542BCDBC5800B7EB73 /* ProductNetworkManager.swift */ = {isa = PBXFileReference; lastKnownFileType = sourcecode.swift; path = ProductNetworkManager.swift; sourceTree = "<group>"; };
		935ACB5C2BCDBD2F00B7EB73 /* ProductService.swift */ = {isa = PBXFileReference; lastKnownFileType = sourcecode.swift; path = ProductService.swift; sourceTree = "<group>"; };
		935ACB5E2BCDBD9E00B7EB73 /* ProductService+Extension.swift */ = {isa = PBXFileReference; lastKnownFileType = sourcecode.swift; path = "ProductService+Extension.swift"; sourceTree = "<group>"; };
		9365FA102BC727DA00B37B0F /* OpenSans-SemiBold.ttf */ = {isa = PBXFileReference; lastKnownFileType = file; path = "OpenSans-SemiBold.ttf"; sourceTree = "<group>"; };
		9365FA112BC727DA00B37B0F /* OpenSans-Bold.ttf */ = {isa = PBXFileReference; lastKnownFileType = file; path = "OpenSans-Bold.ttf"; sourceTree = "<group>"; };
		9365FA142BC73ED600B37B0F /* ListingViewController.swift */ = {isa = PBXFileReference; lastKnownFileType = sourcecode.swift; path = ListingViewController.swift; sourceTree = "<group>"; };
		9365FA162BC73EF000B37B0F /* ProductDetailViewController.swift */ = {isa = PBXFileReference; lastKnownFileType = sourcecode.swift; path = ProductDetailViewController.swift; sourceTree = "<group>"; };
		9365FA182BC73F0000B37B0F /* BasketViewController.swift */ = {isa = PBXFileReference; lastKnownFileType = sourcecode.swift; path = BasketViewController.swift; sourceTree = "<group>"; };
		9365FA1B2BC750A300B37B0F /* BasketButton.swift */ = {isa = PBXFileReference; lastKnownFileType = sourcecode.swift; path = BasketButton.swift; sourceTree = "<group>"; };
		938736DF2BC863CD006ABE58 /* ProductCollectionViewCell.swift */ = {isa = PBXFileReference; lastKnownFileType = sourcecode.swift; path = ProductCollectionViewCell.swift; sourceTree = "<group>"; };
		938736E32BC88A93006ABE58 /* tryUIViewController.swift */ = {isa = PBXFileReference; lastKnownFileType = sourcecode.swift; path = tryUIViewController.swift; sourceTree = "<group>"; };
		938736E72BC8AE0C006ABE58 /* VerticalAddToCartButtonView.swift */ = {isa = PBXFileReference; lastKnownFileType = sourcecode.swift; path = VerticalAddToCartButtonView.swift; sourceTree = "<group>"; };
		93A57F6E2BC5F2B10052BD01 /* GetirFinalProject.app */ = {isa = PBXFileReference; explicitFileType = wrapper.application; includeInIndex = 0; path = GetirFinalProject.app; sourceTree = BUILT_PRODUCTS_DIR; };
		93A57F712BC5F2B10052BD01 /* AppDelegate.swift */ = {isa = PBXFileReference; lastKnownFileType = sourcecode.swift; path = AppDelegate.swift; sourceTree = "<group>"; };
		93A57F732BC5F2B10052BD01 /* SceneDelegate.swift */ = {isa = PBXFileReference; lastKnownFileType = sourcecode.swift; path = SceneDelegate.swift; sourceTree = "<group>"; };
		93A57F7A2BC5F2B20052BD01 /* Assets.xcassets */ = {isa = PBXFileReference; lastKnownFileType = folder.assetcatalog; path = Assets.xcassets; sourceTree = "<group>"; };
		93A57F7F2BC5F2B20052BD01 /* Info.plist */ = {isa = PBXFileReference; lastKnownFileType = text.plist.xml; path = Info.plist; sourceTree = "<group>"; };
		93A57F842BC5F2B20052BD01 /* GetirFinalProjectTests.xctest */ = {isa = PBXFileReference; explicitFileType = wrapper.cfbundle; includeInIndex = 0; path = GetirFinalProjectTests.xctest; sourceTree = BUILT_PRODUCTS_DIR; };
		93A57F882BC5F2B20052BD01 /* GetirFinalProjectTests.swift */ = {isa = PBXFileReference; lastKnownFileType = sourcecode.swift; path = GetirFinalProjectTests.swift; sourceTree = "<group>"; };
		93A57F8E2BC5F2B20052BD01 /* GetirFinalProjectUITests.xctest */ = {isa = PBXFileReference; explicitFileType = wrapper.cfbundle; includeInIndex = 0; path = GetirFinalProjectUITests.xctest; sourceTree = BUILT_PRODUCTS_DIR; };
		93A57F922BC5F2B20052BD01 /* GetirFinalProjectUITests.swift */ = {isa = PBXFileReference; lastKnownFileType = sourcecode.swift; path = GetirFinalProjectUITests.swift; sourceTree = "<group>"; };
		93A57F942BC5F2B20052BD01 /* GetirFinalProjectUITestsLaunchTests.swift */ = {isa = PBXFileReference; lastKnownFileType = sourcecode.swift; path = GetirFinalProjectUITestsLaunchTests.swift; sourceTree = "<group>"; };
/* End PBXFileReference section */

/* Begin PBXFrameworksBuildPhase section */
		93A57F6B2BC5F2B10052BD01 /* Frameworks */ = {
			isa = PBXFrameworksBuildPhase;
			buildActionMask = 2147483647;
			files = (
				935ACB5B2BCDBCE600B7EB73 /* RxMoya in Frameworks */,
				935ACB592BCDBCE600B7EB73 /* Moya in Frameworks */,
				9365FA0D2BC70F5D00B37B0F /* SnapKit in Frameworks */,
			);
			runOnlyForDeploymentPostprocessing = 0;
		};
		93A57F812BC5F2B20052BD01 /* Frameworks */ = {
			isa = PBXFrameworksBuildPhase;
			buildActionMask = 2147483647;
			files = (
			);
			runOnlyForDeploymentPostprocessing = 0;
		};
		93A57F8B2BC5F2B20052BD01 /* Frameworks */ = {
			isa = PBXFrameworksBuildPhase;
			buildActionMask = 2147483647;
			files = (
			);
			runOnlyForDeploymentPostprocessing = 0;
		};
/* End PBXFrameworksBuildPhase section */

/* Begin PBXGroup section */
		93122A032BC6E51B00C0540F /* Fonts */ = {
			isa = PBXGroup;
			children = (
				9365FA112BC727DA00B37B0F /* OpenSans-Bold.ttf */,
				9365FA102BC727DA00B37B0F /* OpenSans-SemiBold.ttf */,
			);
			name = Fonts;
			sourceTree = "<group>";
		};
		93122A072BC70D2800C0540F /* SupportingFiles */ = {
			isa = PBXGroup;
			children = (
				93A57F7F2BC5F2B20052BD01 /* Info.plist */,
				93A57F7A2BC5F2B20052BD01 /* Assets.xcassets */,
				93A57F712BC5F2B10052BD01 /* AppDelegate.swift */,
				93A57F732BC5F2B10052BD01 /* SceneDelegate.swift */,
			);
			path = SupportingFiles;
			sourceTree = "<group>";
		};
		935ACB502BCD979E00B7EB73 /* Model */ = {
			isa = PBXGroup;
			children = (
				935ACB512BCD97FC00B7EB73 /* Product.swift */,
			);
			path = Model;
			sourceTree = "<group>";
		};
		935ACB532BCDBC3C00B7EB73 /* Network */ = {
			isa = PBXGroup;
			children = (
				935ACB542BCDBC5800B7EB73 /* ProductNetworkManager.swift */,
				935ACB5C2BCDBD2F00B7EB73 /* ProductService.swift */,
				935ACB5E2BCDBD9E00B7EB73 /* ProductService+Extension.swift */,
			);
			path = Network;
			sourceTree = "<group>";
		};
		935ACB572BCDBCE600B7EB73 /* Frameworks */ = {
			isa = PBXGroup;
			children = (
			);
			name = Frameworks;
			sourceTree = "<group>";
		};
		938736DD2BC83810006ABE58 /* Scene */ = {
			isa = PBXGroup;
			children = (
				9365FA162BC73EF000B37B0F /* ProductDetailViewController.swift */,
				9365FA142BC73ED600B37B0F /* ListingViewController.swift */,
				9365FA182BC73F0000B37B0F /* BasketViewController.swift */,
			);
			name = Scene;
			sourceTree = "<group>";
		};
		938736DE2BC8382E006ABE58 /* CustomComponents */ = {
			isa = PBXGroup;
			children = (
				9365FA1B2BC750A300B37B0F /* BasketButton.swift */,
				938736DF2BC863CD006ABE58 /* ProductCollectionViewCell.swift */,
				938736E72BC8AE0C006ABE58 /* VerticalAddToCartButtonView.swift */,
			);
			path = CustomComponents;
			sourceTree = "<group>";
		};
		938736E12BC88A6F006ABE58 /* try */ = {
			isa = PBXGroup;
			children = (
				938736E32BC88A93006ABE58 /* tryUIViewController.swift */,
			);
			path = try;
			sourceTree = "<group>";
		};
		93A57F652BC5F2B10052BD01 = {
			isa = PBXGroup;
			children = (
				93A57F702BC5F2B10052BD01 /* GetirFinalProject */,
				93A57F872BC5F2B20052BD01 /* GetirFinalProjectTests */,
				93A57F912BC5F2B20052BD01 /* GetirFinalProjectUITests */,
				93A57F6F2BC5F2B10052BD01 /* Products */,
				93122A032BC6E51B00C0540F /* Fonts */,
				935ACB572BCDBCE600B7EB73 /* Frameworks */,
			);
			sourceTree = "<group>";
		};
		93A57F6F2BC5F2B10052BD01 /* Products */ = {
			isa = PBXGroup;
			children = (
				93A57F6E2BC5F2B10052BD01 /* GetirFinalProject.app */,
				93A57F842BC5F2B20052BD01 /* GetirFinalProjectTests.xctest */,
				93A57F8E2BC5F2B20052BD01 /* GetirFinalProjectUITests.xctest */,
			);
			name = Products;
			sourceTree = "<group>";
		};
		93A57F702BC5F2B10052BD01 /* GetirFinalProject */ = {
			isa = PBXGroup;
			children = (
				935ACB532BCDBC3C00B7EB73 /* Network */,
				935ACB502BCD979E00B7EB73 /* Model */,
				938736E12BC88A6F006ABE58 /* try */,
				938736DE2BC8382E006ABE58 /* CustomComponents */,
				93122A072BC70D2800C0540F /* SupportingFiles */,
				938736DD2BC83810006ABE58 /* Scene */,
				9338F5632BC96F3100843CCA /* StyleConstants.swift */,
			);
			path = GetirFinalProject;
			sourceTree = "<group>";
		};
		93A57F872BC5F2B20052BD01 /* GetirFinalProjectTests */ = {
			isa = PBXGroup;
			children = (
				93A57F882BC5F2B20052BD01 /* GetirFinalProjectTests.swift */,
			);
			path = GetirFinalProjectTests;
			sourceTree = "<group>";
		};
		93A57F912BC5F2B20052BD01 /* GetirFinalProjectUITests */ = {
			isa = PBXGroup;
			children = (
				93A57F922BC5F2B20052BD01 /* GetirFinalProjectUITests.swift */,
				93A57F942BC5F2B20052BD01 /* GetirFinalProjectUITestsLaunchTests.swift */,
			);
			path = GetirFinalProjectUITests;
			sourceTree = "<group>";
		};
/* End PBXGroup section */

/* Begin PBXNativeTarget section */
		93A57F6D2BC5F2B10052BD01 /* GetirFinalProject */ = {
			isa = PBXNativeTarget;
			buildConfigurationList = 93A57F982BC5F2B20052BD01 /* Build configuration list for PBXNativeTarget "GetirFinalProject" */;
			buildPhases = (
				93A57F6A2BC5F2B10052BD01 /* Sources */,
				93A57F6B2BC5F2B10052BD01 /* Frameworks */,
				93A57F6C2BC5F2B10052BD01 /* Resources */,
			);
			buildRules = (
			);
			dependencies = (
			);
			name = GetirFinalProject;
			packageProductDependencies = (
				9365FA0C2BC70F5D00B37B0F /* SnapKit */,
				935ACB582BCDBCE600B7EB73 /* Moya */,
				935ACB5A2BCDBCE600B7EB73 /* RxMoya */,
			);
			productName = GetirFinalProject;
			productReference = 93A57F6E2BC5F2B10052BD01 /* GetirFinalProject.app */;
			productType = "com.apple.product-type.application";
		};
		93A57F832BC5F2B20052BD01 /* GetirFinalProjectTests */ = {
			isa = PBXNativeTarget;
			buildConfigurationList = 93A57F9B2BC5F2B20052BD01 /* Build configuration list for PBXNativeTarget "GetirFinalProjectTests" */;
			buildPhases = (
				93A57F802BC5F2B20052BD01 /* Sources */,
				93A57F812BC5F2B20052BD01 /* Frameworks */,
				93A57F822BC5F2B20052BD01 /* Resources */,
			);
			buildRules = (
			);
			dependencies = (
				93A57F862BC5F2B20052BD01 /* PBXTargetDependency */,
			);
			name = GetirFinalProjectTests;
			productName = GetirFinalProjectTests;
			productReference = 93A57F842BC5F2B20052BD01 /* GetirFinalProjectTests.xctest */;
			productType = "com.apple.product-type.bundle.unit-test";
		};
		93A57F8D2BC5F2B20052BD01 /* GetirFinalProjectUITests */ = {
			isa = PBXNativeTarget;
			buildConfigurationList = 93A57F9E2BC5F2B20052BD01 /* Build configuration list for PBXNativeTarget "GetirFinalProjectUITests" */;
			buildPhases = (
				93A57F8A2BC5F2B20052BD01 /* Sources */,
				93A57F8B2BC5F2B20052BD01 /* Frameworks */,
				93A57F8C2BC5F2B20052BD01 /* Resources */,
			);
			buildRules = (
			);
			dependencies = (
				93A57F902BC5F2B20052BD01 /* PBXTargetDependency */,
			);
			name = GetirFinalProjectUITests;
			productName = GetirFinalProjectUITests;
			productReference = 93A57F8E2BC5F2B20052BD01 /* GetirFinalProjectUITests.xctest */;
			productType = "com.apple.product-type.bundle.ui-testing";
		};
/* End PBXNativeTarget section */

/* Begin PBXProject section */
		93A57F662BC5F2B10052BD01 /* Project object */ = {
			isa = PBXProject;
			attributes = {
				BuildIndependentTargetsInParallel = 1;
				LastSwiftUpdateCheck = 1530;
				LastUpgradeCheck = 1530;
				TargetAttributes = {
					93A57F6D2BC5F2B10052BD01 = {
						CreatedOnToolsVersion = 15.3;
					};
					93A57F832BC5F2B20052BD01 = {
						CreatedOnToolsVersion = 15.3;
						TestTargetID = 93A57F6D2BC5F2B10052BD01;
					};
					93A57F8D2BC5F2B20052BD01 = {
						CreatedOnToolsVersion = 15.3;
						TestTargetID = 93A57F6D2BC5F2B10052BD01;
					};
				};
			};
			buildConfigurationList = 93A57F692BC5F2B10052BD01 /* Build configuration list for PBXProject "GetirFinalProject" */;
			compatibilityVersion = "Xcode 14.0";
			developmentRegion = en;
			hasScannedForEncodings = 0;
			knownRegions = (
				en,
				Base,
			);
			mainGroup = 93A57F652BC5F2B10052BD01;
			packageReferences = (
				93122A022BC6E46400C0540F /* XCRemoteSwiftPackageReference "SnapKit" */,
				935ACB562BCDBCB600B7EB73 /* XCRemoteSwiftPackageReference "Moya" */,
			);
			productRefGroup = 93A57F6F2BC5F2B10052BD01 /* Products */;
			projectDirPath = "";
			projectRoot = "";
			targets = (
				93A57F6D2BC5F2B10052BD01 /* GetirFinalProject */,
				93A57F832BC5F2B20052BD01 /* GetirFinalProjectTests */,
				93A57F8D2BC5F2B20052BD01 /* GetirFinalProjectUITests */,
			);
		};
/* End PBXProject section */

/* Begin PBXResourcesBuildPhase section */
		93A57F6C2BC5F2B10052BD01 /* Resources */ = {
			isa = PBXResourcesBuildPhase;
			buildActionMask = 2147483647;
			files = (
				9365FA122BC727DB00B37B0F /* OpenSans-SemiBold.ttf in Resources */,
				93A57F7B2BC5F2B20052BD01 /* Assets.xcassets in Resources */,
				9365FA132BC727DB00B37B0F /* OpenSans-Bold.ttf in Resources */,
			);
			runOnlyForDeploymentPostprocessing = 0;
		};
		93A57F822BC5F2B20052BD01 /* Resources */ = {
			isa = PBXResourcesBuildPhase;
			buildActionMask = 2147483647;
			files = (
			);
			runOnlyForDeploymentPostprocessing = 0;
		};
		93A57F8C2BC5F2B20052BD01 /* Resources */ = {
			isa = PBXResourcesBuildPhase;
			buildActionMask = 2147483647;
			files = (
			);
			runOnlyForDeploymentPostprocessing = 0;
		};
/* End PBXResourcesBuildPhase section */

/* Begin PBXSourcesBuildPhase section */
		93A57F6A2BC5F2B10052BD01 /* Sources */ = {
			isa = PBXSourcesBuildPhase;
			buildActionMask = 2147483647;
			files = (
				938736E42BC88A93006ABE58 /* tryUIViewController.swift in Sources */,
				9365FA192BC73F0000B37B0F /* BasketViewController.swift in Sources */,
				9365FA152BC73ED600B37B0F /* ListingViewController.swift in Sources */,
				935ACB5F2BCDBD9E00B7EB73 /* ProductService+Extension.swift in Sources */,
				938736E82BC8AE0C006ABE58 /* VerticalAddToCartButtonView.swift in Sources */,
				938736E02BC863CD006ABE58 /* ProductCollectionViewCell.swift in Sources */,
				935ACB522BCD97FC00B7EB73 /* Product.swift in Sources */,
				935ACB5D2BCDBD2F00B7EB73 /* ProductService.swift in Sources */,
				9365FA172BC73EF000B37B0F /* ProductDetailViewController.swift in Sources */,
				93A57F722BC5F2B10052BD01 /* AppDelegate.swift in Sources */,
				935ACB552BCDBC5800B7EB73 /* ProductNetworkManager.swift in Sources */,
				9338F5642BC96F3100843CCA /* StyleConstants.swift in Sources */,
				93A57F742BC5F2B10052BD01 /* SceneDelegate.swift in Sources */,
				9365FA1C2BC750A300B37B0F /* BasketButton.swift in Sources */,
			);
			runOnlyForDeploymentPostprocessing = 0;
		};
		93A57F802BC5F2B20052BD01 /* Sources */ = {
			isa = PBXSourcesBuildPhase;
			buildActionMask = 2147483647;
			files = (
				93A57F892BC5F2B20052BD01 /* GetirFinalProjectTests.swift in Sources */,
			);
			runOnlyForDeploymentPostprocessing = 0;
		};
		93A57F8A2BC5F2B20052BD01 /* Sources */ = {
			isa = PBXSourcesBuildPhase;
			buildActionMask = 2147483647;
			files = (
				93A57F932BC5F2B20052BD01 /* GetirFinalProjectUITests.swift in Sources */,
				93A57F952BC5F2B20052BD01 /* GetirFinalProjectUITestsLaunchTests.swift in Sources */,
			);
			runOnlyForDeploymentPostprocessing = 0;
		};
/* End PBXSourcesBuildPhase section */

/* Begin PBXTargetDependency section */
		93A57F862BC5F2B20052BD01 /* PBXTargetDependency */ = {
			isa = PBXTargetDependency;
			target = 93A57F6D2BC5F2B10052BD01 /* GetirFinalProject */;
			targetProxy = 93A57F852BC5F2B20052BD01 /* PBXContainerItemProxy */;
		};
		93A57F902BC5F2B20052BD01 /* PBXTargetDependency */ = {
			isa = PBXTargetDependency;
			target = 93A57F6D2BC5F2B10052BD01 /* GetirFinalProject */;
			targetProxy = 93A57F8F2BC5F2B20052BD01 /* PBXContainerItemProxy */;
		};
/* End PBXTargetDependency section */

/* Begin XCBuildConfiguration section */
		93A57F962BC5F2B20052BD01 /* Debug */ = {
			isa = XCBuildConfiguration;
			buildSettings = {
				ALWAYS_SEARCH_USER_PATHS = NO;
				ASSETCATALOG_COMPILER_GENERATE_SWIFT_ASSET_SYMBOL_EXTENSIONS = YES;
				CLANG_ANALYZER_NONNULL = YES;
				CLANG_ANALYZER_NUMBER_OBJECT_CONVERSION = YES_AGGRESSIVE;
				CLANG_CXX_LANGUAGE_STANDARD = "gnu++20";
				CLANG_ENABLE_MODULES = YES;
				CLANG_ENABLE_OBJC_ARC = YES;
				CLANG_ENABLE_OBJC_WEAK = YES;
				CLANG_WARN_BLOCK_CAPTURE_AUTORELEASING = YES;
				CLANG_WARN_BOOL_CONVERSION = YES;
				CLANG_WARN_COMMA = YES;
				CLANG_WARN_CONSTANT_CONVERSION = YES;
				CLANG_WARN_DEPRECATED_OBJC_IMPLEMENTATIONS = YES;
				CLANG_WARN_DIRECT_OBJC_ISA_USAGE = YES_ERROR;
				CLANG_WARN_DOCUMENTATION_COMMENTS = YES;
				CLANG_WARN_EMPTY_BODY = YES;
				CLANG_WARN_ENUM_CONVERSION = YES;
				CLANG_WARN_INFINITE_RECURSION = YES;
				CLANG_WARN_INT_CONVERSION = YES;
				CLANG_WARN_NON_LITERAL_NULL_CONVERSION = YES;
				CLANG_WARN_OBJC_IMPLICIT_RETAIN_SELF = YES;
				CLANG_WARN_OBJC_LITERAL_CONVERSION = YES;
				CLANG_WARN_OBJC_ROOT_CLASS = YES_ERROR;
				CLANG_WARN_QUOTED_INCLUDE_IN_FRAMEWORK_HEADER = YES;
				CLANG_WARN_RANGE_LOOP_ANALYSIS = YES;
				CLANG_WARN_STRICT_PROTOTYPES = YES;
				CLANG_WARN_SUSPICIOUS_MOVE = YES;
				CLANG_WARN_UNGUARDED_AVAILABILITY = YES_AGGRESSIVE;
				CLANG_WARN_UNREACHABLE_CODE = YES;
				CLANG_WARN__DUPLICATE_METHOD_MATCH = YES;
				COPY_PHASE_STRIP = NO;
				DEBUG_INFORMATION_FORMAT = dwarf;
				ENABLE_STRICT_OBJC_MSGSEND = YES;
				ENABLE_TESTABILITY = YES;
				ENABLE_USER_SCRIPT_SANDBOXING = YES;
				GCC_C_LANGUAGE_STANDARD = gnu17;
				GCC_DYNAMIC_NO_PIC = NO;
				GCC_NO_COMMON_BLOCKS = YES;
				GCC_OPTIMIZATION_LEVEL = 0;
				GCC_PREPROCESSOR_DEFINITIONS = (
					"DEBUG=1",
					"$(inherited)",
				);
				GCC_WARN_64_TO_32_BIT_CONVERSION = YES;
				GCC_WARN_ABOUT_RETURN_TYPE = YES_ERROR;
				GCC_WARN_UNDECLARED_SELECTOR = YES;
				GCC_WARN_UNINITIALIZED_AUTOS = YES_AGGRESSIVE;
				GCC_WARN_UNUSED_FUNCTION = YES;
				GCC_WARN_UNUSED_VARIABLE = YES;
				IPHONEOS_DEPLOYMENT_TARGET = 14.0;
				LOCALIZATION_PREFERS_STRING_CATALOGS = YES;
				MTL_ENABLE_DEBUG_INFO = INCLUDE_SOURCE;
				MTL_FAST_MATH = YES;
				ONLY_ACTIVE_ARCH = YES;
				SDKROOT = iphoneos;
				SWIFT_ACTIVE_COMPILATION_CONDITIONS = "DEBUG $(inherited)";
				SWIFT_OPTIMIZATION_LEVEL = "-Onone";
			};
			name = Debug;
		};
		93A57F972BC5F2B20052BD01 /* Release */ = {
			isa = XCBuildConfiguration;
			buildSettings = {
				ALWAYS_SEARCH_USER_PATHS = NO;
				ASSETCATALOG_COMPILER_GENERATE_SWIFT_ASSET_SYMBOL_EXTENSIONS = YES;
				CLANG_ANALYZER_NONNULL = YES;
				CLANG_ANALYZER_NUMBER_OBJECT_CONVERSION = YES_AGGRESSIVE;
				CLANG_CXX_LANGUAGE_STANDARD = "gnu++20";
				CLANG_ENABLE_MODULES = YES;
				CLANG_ENABLE_OBJC_ARC = YES;
				CLANG_ENABLE_OBJC_WEAK = YES;
				CLANG_WARN_BLOCK_CAPTURE_AUTORELEASING = YES;
				CLANG_WARN_BOOL_CONVERSION = YES;
				CLANG_WARN_COMMA = YES;
				CLANG_WARN_CONSTANT_CONVERSION = YES;
				CLANG_WARN_DEPRECATED_OBJC_IMPLEMENTATIONS = YES;
				CLANG_WARN_DIRECT_OBJC_ISA_USAGE = YES_ERROR;
				CLANG_WARN_DOCUMENTATION_COMMENTS = YES;
				CLANG_WARN_EMPTY_BODY = YES;
				CLANG_WARN_ENUM_CONVERSION = YES;
				CLANG_WARN_INFINITE_RECURSION = YES;
				CLANG_WARN_INT_CONVERSION = YES;
				CLANG_WARN_NON_LITERAL_NULL_CONVERSION = YES;
				CLANG_WARN_OBJC_IMPLICIT_RETAIN_SELF = YES;
				CLANG_WARN_OBJC_LITERAL_CONVERSION = YES;
				CLANG_WARN_OBJC_ROOT_CLASS = YES_ERROR;
				CLANG_WARN_QUOTED_INCLUDE_IN_FRAMEWORK_HEADER = YES;
				CLANG_WARN_RANGE_LOOP_ANALYSIS = YES;
				CLANG_WARN_STRICT_PROTOTYPES = YES;
				CLANG_WARN_SUSPICIOUS_MOVE = YES;
				CLANG_WARN_UNGUARDED_AVAILABILITY = YES_AGGRESSIVE;
				CLANG_WARN_UNREACHABLE_CODE = YES;
				CLANG_WARN__DUPLICATE_METHOD_MATCH = YES;
				COPY_PHASE_STRIP = NO;
				DEBUG_INFORMATION_FORMAT = "dwarf-with-dsym";
				ENABLE_NS_ASSERTIONS = NO;
				ENABLE_STRICT_OBJC_MSGSEND = YES;
				ENABLE_USER_SCRIPT_SANDBOXING = YES;
				GCC_C_LANGUAGE_STANDARD = gnu17;
				GCC_NO_COMMON_BLOCKS = YES;
				GCC_WARN_64_TO_32_BIT_CONVERSION = YES;
				GCC_WARN_ABOUT_RETURN_TYPE = YES_ERROR;
				GCC_WARN_UNDECLARED_SELECTOR = YES;
				GCC_WARN_UNINITIALIZED_AUTOS = YES_AGGRESSIVE;
				GCC_WARN_UNUSED_FUNCTION = YES;
				GCC_WARN_UNUSED_VARIABLE = YES;
				IPHONEOS_DEPLOYMENT_TARGET = 14.0;
				LOCALIZATION_PREFERS_STRING_CATALOGS = YES;
				MTL_ENABLE_DEBUG_INFO = NO;
				MTL_FAST_MATH = YES;
				SDKROOT = iphoneos;
				SWIFT_COMPILATION_MODE = wholemodule;
				VALIDATE_PRODUCT = YES;
			};
			name = Release;
		};
		93A57F992BC5F2B20052BD01 /* Debug */ = {
			isa = XCBuildConfiguration;
			buildSettings = {
				ASSETCATALOG_COMPILER_APPICON_NAME = AppIcon;
				ASSETCATALOG_COMPILER_GLOBAL_ACCENT_COLOR_NAME = AccentColor;
				CODE_SIGN_IDENTITY = "Apple Development";
				CODE_SIGN_STYLE = Automatic;
				CURRENT_PROJECT_VERSION = 1;
				DEVELOPMENT_TEAM = Q82F683A8T;
				GENERATE_INFOPLIST_FILE = YES;
				INFOPLIST_FILE = GetirFinalProject/SupportingFiles/Info.plist;
				INFOPLIST_KEY_UIApplicationSupportsIndirectInputEvents = YES;
				INFOPLIST_KEY_UILaunchStoryboardName = LaunchScreen;
				INFOPLIST_KEY_UISupportedInterfaceOrientations_iPad = "UIInterfaceOrientationPortrait UIInterfaceOrientationPortraitUpsideDown UIInterfaceOrientationLandscapeLeft UIInterfaceOrientationLandscapeRight";
				INFOPLIST_KEY_UISupportedInterfaceOrientations_iPhone = "UIInterfaceOrientationPortrait UIInterfaceOrientationLandscapeLeft UIInterfaceOrientationLandscapeRight";
				IPHONEOS_DEPLOYMENT_TARGET = 14.0;
				LD_RUNPATH_SEARCH_PATHS = (
					"$(inherited)",
					"@executable_path/Frameworks",
				);
				MARKETING_VERSION = 1.0;
				PRODUCT_BUNDLE_IDENTIFIER = com.borakocapinar.GetirFinalProject;
				PRODUCT_NAME = "$(TARGET_NAME)";
				PROVISIONING_PROFILE_SPECIFIER = "";
				SWIFT_EMIT_LOC_STRINGS = YES;
				SWIFT_VERSION = 5.0;
				TARGETED_DEVICE_FAMILY = "1,2";
			};
			name = Debug;
		};
		93A57F9A2BC5F2B20052BD01 /* Release */ = {
			isa = XCBuildConfiguration;
			buildSettings = {
				ASSETCATALOG_COMPILER_APPICON_NAME = AppIcon;
				ASSETCATALOG_COMPILER_GLOBAL_ACCENT_COLOR_NAME = AccentColor;
				CODE_SIGN_IDENTITY = "Apple Development";
				CODE_SIGN_STYLE = Automatic;
				CURRENT_PROJECT_VERSION = 1;
				DEVELOPMENT_TEAM = Q82F683A8T;
				GENERATE_INFOPLIST_FILE = YES;
				INFOPLIST_FILE = GetirFinalProject/SupportingFiles/Info.plist;
				INFOPLIST_KEY_UIApplicationSupportsIndirectInputEvents = YES;
				INFOPLIST_KEY_UILaunchStoryboardName = LaunchScreen;
				INFOPLIST_KEY_UISupportedInterfaceOrientations_iPad = "UIInterfaceOrientationPortrait UIInterfaceOrientationPortraitUpsideDown UIInterfaceOrientationLandscapeLeft UIInterfaceOrientationLandscapeRight";
				INFOPLIST_KEY_UISupportedInterfaceOrientations_iPhone = "UIInterfaceOrientationPortrait UIInterfaceOrientationLandscapeLeft UIInterfaceOrientationLandscapeRight";
				IPHONEOS_DEPLOYMENT_TARGET = 14.0;
				LD_RUNPATH_SEARCH_PATHS = (
					"$(inherited)",
					"@executable_path/Frameworks",
				);
				MARKETING_VERSION = 1.0;
				PRODUCT_BUNDLE_IDENTIFIER = com.borakocapinar.GetirFinalProject;
				PRODUCT_NAME = "$(TARGET_NAME)";
				PROVISIONING_PROFILE_SPECIFIER = "";
				SWIFT_EMIT_LOC_STRINGS = YES;
				SWIFT_VERSION = 5.0;
				TARGETED_DEVICE_FAMILY = "1,2";
			};
			name = Release;
		};
		93A57F9C2BC5F2B20052BD01 /* Debug */ = {
			isa = XCBuildConfiguration;
			buildSettings = {
				ALWAYS_EMBED_SWIFT_STANDARD_LIBRARIES = YES;
				BUNDLE_LOADER = "$(TEST_HOST)";
				CODE_SIGN_STYLE = Automatic;
				CURRENT_PROJECT_VERSION = 1;
				GENERATE_INFOPLIST_FILE = YES;
				IPHONEOS_DEPLOYMENT_TARGET = 17.4;
				MARKETING_VERSION = 1.0;
				PRODUCT_BUNDLE_IDENTIFIER = com.borakocapinar.GetirFinalProjectTests;
				PRODUCT_NAME = "$(TARGET_NAME)";
				SWIFT_EMIT_LOC_STRINGS = NO;
				SWIFT_VERSION = 5.0;
				TARGETED_DEVICE_FAMILY = "1,2";
				TEST_HOST = "$(BUILT_PRODUCTS_DIR)/GetirFinalProject.app/$(BUNDLE_EXECUTABLE_FOLDER_PATH)/GetirFinalProject";
			};
			name = Debug;
		};
		93A57F9D2BC5F2B20052BD01 /* Release */ = {
			isa = XCBuildConfiguration;
			buildSettings = {
				ALWAYS_EMBED_SWIFT_STANDARD_LIBRARIES = YES;
				BUNDLE_LOADER = "$(TEST_HOST)";
				CODE_SIGN_STYLE = Automatic;
				CURRENT_PROJECT_VERSION = 1;
				GENERATE_INFOPLIST_FILE = YES;
				IPHONEOS_DEPLOYMENT_TARGET = 17.4;
				MARKETING_VERSION = 1.0;
				PRODUCT_BUNDLE_IDENTIFIER = com.borakocapinar.GetirFinalProjectTests;
				PRODUCT_NAME = "$(TARGET_NAME)";
				SWIFT_EMIT_LOC_STRINGS = NO;
				SWIFT_VERSION = 5.0;
				TARGETED_DEVICE_FAMILY = "1,2";
				TEST_HOST = "$(BUILT_PRODUCTS_DIR)/GetirFinalProject.app/$(BUNDLE_EXECUTABLE_FOLDER_PATH)/GetirFinalProject";
			};
			name = Release;
		};
		93A57F9F2BC5F2B20052BD01 /* Debug */ = {
			isa = XCBuildConfiguration;
			buildSettings = {
				ALWAYS_EMBED_SWIFT_STANDARD_LIBRARIES = YES;
				CODE_SIGN_STYLE = Automatic;
				CURRENT_PROJECT_VERSION = 1;
				GENERATE_INFOPLIST_FILE = YES;
				MARKETING_VERSION = 1.0;
				PRODUCT_BUNDLE_IDENTIFIER = com.borakocapinar.GetirFinalProjectUITests;
				PRODUCT_NAME = "$(TARGET_NAME)";
				SWIFT_EMIT_LOC_STRINGS = NO;
				SWIFT_VERSION = 5.0;
				TARGETED_DEVICE_FAMILY = "1,2";
				TEST_TARGET_NAME = GetirFinalProject;
			};
			name = Debug;
		};
		93A57FA02BC5F2B20052BD01 /* Release */ = {
			isa = XCBuildConfiguration;
			buildSettings = {
				ALWAYS_EMBED_SWIFT_STANDARD_LIBRARIES = YES;
				CODE_SIGN_STYLE = Automatic;
				CURRENT_PROJECT_VERSION = 1;
				GENERATE_INFOPLIST_FILE = YES;
				MARKETING_VERSION = 1.0;
				PRODUCT_BUNDLE_IDENTIFIER = com.borakocapinar.GetirFinalProjectUITests;
				PRODUCT_NAME = "$(TARGET_NAME)";
				SWIFT_EMIT_LOC_STRINGS = NO;
				SWIFT_VERSION = 5.0;
				TARGETED_DEVICE_FAMILY = "1,2";
				TEST_TARGET_NAME = GetirFinalProject;
			};
			name = Release;
		};
/* End XCBuildConfiguration section */

/* Begin XCConfigurationList section */
		93A57F692BC5F2B10052BD01 /* Build configuration list for PBXProject "GetirFinalProject" */ = {
			isa = XCConfigurationList;
			buildConfigurations = (
				93A57F962BC5F2B20052BD01 /* Debug */,
				93A57F972BC5F2B20052BD01 /* Release */,
			);
			defaultConfigurationIsVisible = 0;
			defaultConfigurationName = Release;
		};
		93A57F982BC5F2B20052BD01 /* Build configuration list for PBXNativeTarget "GetirFinalProject" */ = {
			isa = XCConfigurationList;
			buildConfigurations = (
				93A57F992BC5F2B20052BD01 /* Debug */,
				93A57F9A2BC5F2B20052BD01 /* Release */,
			);
			defaultConfigurationIsVisible = 0;
			defaultConfigurationName = Release;
		};
		93A57F9B2BC5F2B20052BD01 /* Build configuration list for PBXNativeTarget "GetirFinalProjectTests" */ = {
			isa = XCConfigurationList;
			buildConfigurations = (
				93A57F9C2BC5F2B20052BD01 /* Debug */,
				93A57F9D2BC5F2B20052BD01 /* Release */,
			);
			defaultConfigurationIsVisible = 0;
			defaultConfigurationName = Release;
		};
		93A57F9E2BC5F2B20052BD01 /* Build configuration list for PBXNativeTarget "GetirFinalProjectUITests" */ = {
			isa = XCConfigurationList;
			buildConfigurations = (
				93A57F9F2BC5F2B20052BD01 /* Debug */,
				93A57FA02BC5F2B20052BD01 /* Release */,
			);
			defaultConfigurationIsVisible = 0;
			defaultConfigurationName = Release;
		};
/* End XCConfigurationList section */

/* Begin XCRemoteSwiftPackageReference section */
		93122A022BC6E46400C0540F /* XCRemoteSwiftPackageReference "SnapKit" */ = {
			isa = XCRemoteSwiftPackageReference;
			repositoryURL = "https://github.com/SnapKit/SnapKit.git";
			requirement = {
				kind = upToNextMajorVersion;
				minimumVersion = 5.7.1;
			};
		};
		935ACB562BCDBCB600B7EB73 /* XCRemoteSwiftPackageReference "Moya" */ = {
			isa = XCRemoteSwiftPackageReference;
			repositoryURL = "https://github.com/Moya/Moya.git";
			requirement = {
				kind = upToNextMajorVersion;
				minimumVersion = 15.0.3;
			};
		};
/* End XCRemoteSwiftPackageReference section */

/* Begin XCSwiftPackageProductDependency section */
		935ACB582BCDBCE600B7EB73 /* Moya */ = {
			isa = XCSwiftPackageProductDependency;
			package = 935ACB562BCDBCB600B7EB73 /* XCRemoteSwiftPackageReference "Moya" */;
			productName = Moya;
		};
		935ACB5A2BCDBCE600B7EB73 /* RxMoya */ = {
			isa = XCSwiftPackageProductDependency;
			package = 935ACB562BCDBCB600B7EB73 /* XCRemoteSwiftPackageReference "Moya" */;
			productName = RxMoya;
		};
		9365FA0C2BC70F5D00B37B0F /* SnapKit */ = {
			isa = XCSwiftPackageProductDependency;
			package = 93122A022BC6E46400C0540F /* XCRemoteSwiftPackageReference "SnapKit" */;
			productName = SnapKit;
		};
/* End XCSwiftPackageProductDependency section */
	};
	rootObject = 93A57F662BC5F2B10052BD01 /* Project object */;
}
